// !$*UTF8*$!
{
	archiveVersion = 1;
	classes = {
	};
	objectVersion = 56;
	objects = {

/* Begin PBXBuildFile section */
		C00066902F0EF8D500BC930C /* InsightsView.swift in Sources */ = {isa = PBXBuildFile; fileRef = C000668F2F0EF8D500BC930C /* InsightsView.swift */; };
		C00066932F0F101000BC930C /* PracticeScoreMeter.swift in Sources */ = {isa = PBXBuildFile; fileRef = C00066922F0F101000BC930C /* PracticeScoreMeter.swift */; };
		C066A28D2F0F38E4005A5D44 /* FocusStats.swift in Sources */ = {isa = PBXBuildFile; fileRef = C066A28C2F0F38E4005A5D44 /* FocusStats.swift */; };
		C066A2902F0F3A68005A5D44 /* FocusBreakdownCard.swift in Sources */ = {isa = PBXBuildFile; fileRef = C066A28F2F0F3A68005A5D44 /* FocusBreakdownCard.swift */; };
		C066A2922F0F3DF9005A5D44 /* InsightWindow.swift in Sources */ = {isa = PBXBuildFile; fileRef = C066A2912F0F3DF9005A5D44 /* InsightWindow.swift */; };
		C066A2942F0F4465005A5D44 /* TagCategory.swift in Sources */ = {isa = PBXBuildFile; fileRef = C066A2932F0F4465005A5D44 /* TagCategory.swift */; };
		C066A2962F0FAE24005A5D44 /* FocusCarousel.swift in Sources */ = {isa = PBXBuildFile; fileRef = C066A2952F0FAE24005A5D44 /* FocusCarousel.swift */; };
		C0A430BD2F03494200C2401C /* RiyaazPalApp.swift in Sources */ = {isa = PBXBuildFile; fileRef = C0A430BC2F03494200C2401C /* RiyaazPalApp.swift */; };
		C0A430BF2F03494200C2401C /* PracticeTimelineView.swift in Sources */ = {isa = PBXBuildFile; fileRef = C0A430BE2F03494200C2401C /* PracticeTimelineView.swift */; };
		C0A430C12F03494400C2401C /* Assets.xcassets in Resources */ = {isa = PBXBuildFile; fileRef = C0A430C02F03494400C2401C /* Assets.xcassets */; };
		C0A430C42F03494400C2401C /* Preview Assets.xcassets in Resources */ = {isa = PBXBuildFile; fileRef = C0A430C32F03494400C2401C /* Preview Assets.xcassets */; };
		C0A430CF2F05993400C2401C /* PracticeSession.swift in Sources */ = {isa = PBXBuildFile; fileRef = C0A430CE2F05993400C2401C /* PracticeSession.swift */; };
		C0A430D52F0599CD00C2401C /* PracticeSessionViewModel.swift in Sources */ = {isa = PBXBuildFile; fileRef = C0A430D42F0599CD00C2401C /* PracticeSessionViewModel.swift */; };
		C0A430DB2F059A0600C2401C /* DaySection.swift in Sources */ = {isa = PBXBuildFile; fileRef = C0A430DA2F059A0600C2401C /* DaySection.swift */; };
		C0A430DD2F059CB600C2401C /* SessionCard.swift in Sources */ = {isa = PBXBuildFile; fileRef = C0A430DC2F059CB600C2401C /* SessionCard.swift */; };
		C0A430DF2F060DD300C2401C /* PracticeTimelineViewModel.swift in Sources */ = {isa = PBXBuildFile; fileRef = C0A430DE2F060DD300C2401C /* PracticeTimelineViewModel.swift */; };
		C0A430E32F083A2700C2401C /* EditSessionView.swift in Sources */ = {isa = PBXBuildFile; fileRef = C0A430E22F083A2700C2401C /* EditSessionView.swift */; };
		C0A430E82F08A25C00C2401C /* TagChip.swift in Sources */ = {isa = PBXBuildFile; fileRef = C0A430E72F08A25C00C2401C /* TagChip.swift */; };
		C0A430EA2F08A9CC00C2401C /* FlowLayout.swift in Sources */ = {isa = PBXBuildFile; fileRef = C0A430E92F08A9CC00C2401C /* FlowLayout.swift */; };
		C0A430ED2F098F5000C2401C /* PreviewModelContainer.swift in Sources */ = {isa = PBXBuildFile; fileRef = C0A430EC2F098F5000C2401C /* PreviewModelContainer.swift */; };
		C0A430EF2F098F9000C2401C /* PreviewData.swift in Sources */ = {isa = PBXBuildFile; fileRef = C0A430EE2F098F9000C2401C /* PreviewData.swift */; };
/* End PBXBuildFile section */

/* Begin PBXFileReference section */
		C000668F2F0EF8D500BC930C /* InsightsView.swift */ = {isa = PBXFileReference; lastKnownFileType = sourcecode.swift; path = InsightsView.swift; sourceTree = "<group>"; };
		C00066922F0F101000BC930C /* PracticeScoreMeter.swift */ = {isa = PBXFileReference; lastKnownFileType = sourcecode.swift; path = PracticeScoreMeter.swift; sourceTree = "<group>"; };
		C066A28C2F0F38E4005A5D44 /* FocusStats.swift */ = {isa = PBXFileReference; lastKnownFileType = sourcecode.swift; path = FocusStats.swift; sourceTree = "<group>"; };
		C066A28F2F0F3A68005A5D44 /* FocusBreakdownCard.swift */ = {isa = PBXFileReference; lastKnownFileType = sourcecode.swift; path = FocusBreakdownCard.swift; sourceTree = "<group>"; };
		C066A2912F0F3DF9005A5D44 /* InsightWindow.swift */ = {isa = PBXFileReference; lastKnownFileType = sourcecode.swift; path = InsightWindow.swift; sourceTree = "<group>"; };
		C066A2932F0F4465005A5D44 /* TagCategory.swift */ = {isa = PBXFileReference; lastKnownFileType = sourcecode.swift; path = TagCategory.swift; sourceTree = "<group>"; };
		C066A2952F0FAE24005A5D44 /* FocusCarousel.swift */ = {isa = PBXFileReference; lastKnownFileType = sourcecode.swift; path = FocusCarousel.swift; sourceTree = "<group>"; };
		C0A430B92F03494200C2401C /* RiyaazPal.app */ = {isa = PBXFileReference; explicitFileType = wrapper.application; includeInIndex = 0; path = RiyaazPal.app; sourceTree = BUILT_PRODUCTS_DIR; };
		C0A430BC2F03494200C2401C /* RiyaazPalApp.swift */ = {isa = PBXFileReference; lastKnownFileType = sourcecode.swift; path = RiyaazPalApp.swift; sourceTree = "<group>"; };
		C0A430BE2F03494200C2401C /* PracticeTimelineView.swift */ = {isa = PBXFileReference; lastKnownFileType = sourcecode.swift; path = PracticeTimelineView.swift; sourceTree = "<group>"; };
		C0A430C02F03494400C2401C /* Assets.xcassets */ = {isa = PBXFileReference; lastKnownFileType = folder.assetcatalog; path = Assets.xcassets; sourceTree = "<group>"; };
		C0A430C32F03494400C2401C /* Preview Assets.xcassets */ = {isa = PBXFileReference; lastKnownFileType = folder.assetcatalog; path = "Preview Assets.xcassets"; sourceTree = "<group>"; };
		C0A430CE2F05993400C2401C /* PracticeSession.swift */ = {isa = PBXFileReference; lastKnownFileType = sourcecode.swift; path = PracticeSession.swift; sourceTree = "<group>"; };
		C0A430D42F0599CD00C2401C /* PracticeSessionViewModel.swift */ = {isa = PBXFileReference; lastKnownFileType = sourcecode.swift; path = PracticeSessionViewModel.swift; sourceTree = "<group>"; };
		C0A430DA2F059A0600C2401C /* DaySection.swift */ = {isa = PBXFileReference; lastKnownFileType = sourcecode.swift; path = DaySection.swift; sourceTree = "<group>"; };
		C0A430DC2F059CB600C2401C /* SessionCard.swift */ = {isa = PBXFileReference; lastKnownFileType = sourcecode.swift; path = SessionCard.swift; sourceTree = "<group>"; };
		C0A430DE2F060DD300C2401C /* PracticeTimelineViewModel.swift */ = {isa = PBXFileReference; lastKnownFileType = sourcecode.swift; path = PracticeTimelineViewModel.swift; sourceTree = "<group>"; };
		C0A430E22F083A2700C2401C /* EditSessionView.swift */ = {isa = PBXFileReference; lastKnownFileType = sourcecode.swift; path = EditSessionView.swift; sourceTree = "<group>"; };
		C0A430E72F08A25C00C2401C /* TagChip.swift */ = {isa = PBXFileReference; lastKnownFileType = sourcecode.swift; path = TagChip.swift; sourceTree = "<group>"; };
		C0A430E92F08A9CC00C2401C /* FlowLayout.swift */ = {isa = PBXFileReference; lastKnownFileType = sourcecode.swift; path = FlowLayout.swift; sourceTree = "<group>"; };
		C0A430EC2F098F5000C2401C /* PreviewModelContainer.swift */ = {isa = PBXFileReference; lastKnownFileType = sourcecode.swift; path = PreviewModelContainer.swift; sourceTree = "<group>"; };
		C0A430EE2F098F9000C2401C /* PreviewData.swift */ = {isa = PBXFileReference; lastKnownFileType = sourcecode.swift; path = PreviewData.swift; sourceTree = "<group>"; };
/* End PBXFileReference section */

/* Begin PBXFrameworksBuildPhase section */
		C0A430B62F03494200C2401C /* Frameworks */ = {
			isa = PBXFrameworksBuildPhase;
			buildActionMask = 2147483647;
			files = (
			);
			runOnlyForDeploymentPostprocessing = 0;
		};
/* End PBXFrameworksBuildPhase section */

/* Begin PBXGroup section */
		C000668E2F0EF85900BC930C /* Insights */ = {
			isa = PBXGroup;
			children = (
				C000668F2F0EF8D500BC930C /* InsightsView.swift */,
			);
			path = Insights;
			sourceTree = "<group>";
		};
		C066A28B2F0F38D2005A5D44 /* Analytics */ = {
			isa = PBXGroup;
			children = (
				C066A28C2F0F38E4005A5D44 /* FocusStats.swift */,
				C066A2912F0F3DF9005A5D44 /* InsightWindow.swift */,
				C066A2932F0F4465005A5D44 /* TagCategory.swift */,
			);
			path = Analytics;
			sourceTree = "<group>";
		};
		C066A28E2F0F3A5A005A5D44 /* FocusStats */ = {
			isa = PBXGroup;
			children = (
				C066A28F2F0F3A68005A5D44 /* FocusBreakdownCard.swift */,
				C066A2952F0FAE24005A5D44 /* FocusCarousel.swift */,
			);
			path = FocusStats;
			sourceTree = "<group>";
		};
		C0A430B02F03494200C2401C = {
			isa = PBXGroup;
			children = (
				C0A430BB2F03494200C2401C /* RiyaazPal */,
				C0A430BA2F03494200C2401C /* Products */,
			);
			sourceTree = "<group>";
		};
		C0A430BA2F03494200C2401C /* Products */ = {
			isa = PBXGroup;
			children = (
				C0A430B92F03494200C2401C /* RiyaazPal.app */,
			);
			name = Products;
			sourceTree = "<group>";
		};
		C0A430BB2F03494200C2401C /* RiyaazPal */ = {
			isa = PBXGroup;
			children = (
				C066A28B2F0F38D2005A5D44 /* Analytics */,
				C0A430CD2F05991100C2401C /* Views */,
				C0A430CC2F05990B00C2401C /* ViewModels */,
				C0A430CB2F05990000C2401C /* Models */,
				C0A430BC2F03494200C2401C /* RiyaazPalApp.swift */,
				C0A430C02F03494400C2401C /* Assets.xcassets */,
				C0A430C22F03494400C2401C /* Preview Content */,
			);
			path = RiyaazPal;
			sourceTree = "<group>";
		};
		C0A430C22F03494400C2401C /* Preview Content */ = {
			isa = PBXGroup;
			children = (
				C0A430C32F03494400C2401C /* Preview Assets.xcassets */,
			);
			path = "Preview Content";
			sourceTree = "<group>";
		};
		C0A430CB2F05990000C2401C /* Models */ = {
			isa = PBXGroup;
			children = (
				C0A430CE2F05993400C2401C /* PracticeSession.swift */,
			);
			path = Models;
			sourceTree = "<group>";
		};
		C0A430CC2F05990B00C2401C /* ViewModels */ = {
			isa = PBXGroup;
			children = (
				C0A430D42F0599CD00C2401C /* PracticeSessionViewModel.swift */,
				C0A430DE2F060DD300C2401C /* PracticeTimelineViewModel.swift */,
			);
			path = ViewModels;
			sourceTree = "<group>";
		};
		C0A430CD2F05991100C2401C /* Views */ = {
			isa = PBXGroup;
			children = (
				C000668E2F0EF85900BC930C /* Insights */,
				C0A430EB2F098F4400C2401C /* Preview */,
				C0A430E42F0841F000C2401C /* Components */,
				C0A430E12F083A1E00C2401C /* Session */,
				C0A430D62F0599D300C2401C /* Timeline */,
			);
			path = Views;
			sourceTree = "<group>";
		};
		C0A430D62F0599D300C2401C /* Timeline */ = {
			isa = PBXGroup;
			children = (
				C0A430BE2F03494200C2401C /* PracticeTimelineView.swift */,
				C0A430DA2F059A0600C2401C /* DaySection.swift */,
				C0A430DC2F059CB600C2401C /* SessionCard.swift */,
			);
			path = Timeline;
			sourceTree = "<group>";
		};
		C0A430E12F083A1E00C2401C /* Session */ = {
			isa = PBXGroup;
			children = (
				C0A430E22F083A2700C2401C /* EditSessionView.swift */,
			);
			path = Session;
			sourceTree = "<group>";
		};
		C0A430E42F0841F000C2401C /* Components */ = {
			isa = PBXGroup;
			children = (
				C066A28E2F0F3A5A005A5D44 /* FocusStats */,
				C0A430E72F08A25C00C2401C /* TagChip.swift */,
				C0A430E92F08A9CC00C2401C /* FlowLayout.swift */,
				C00066922F0F101000BC930C /* PracticeScoreMeter.swift */,
			);
			path = Components;
			sourceTree = "<group>";
		};
		C0A430EB2F098F4400C2401C /* Preview */ = {
			isa = PBXGroup;
			children = (
				C0A430EC2F098F5000C2401C /* PreviewModelContainer.swift */,
				C0A430EE2F098F9000C2401C /* PreviewData.swift */,
			);
			path = Preview;
			sourceTree = "<group>";
		};
/* End PBXGroup section */

/* Begin PBXNativeTarget section */
		C0A430B82F03494200C2401C /* RiyaazPal */ = {
			isa = PBXNativeTarget;
			buildConfigurationList = C0A430C72F03494400C2401C /* Build configuration list for PBXNativeTarget "RiyaazPal" */;
			buildPhases = (
				C0A430B52F03494200C2401C /* Sources */,
				C0A430B62F03494200C2401C /* Frameworks */,
				C0A430B72F03494200C2401C /* Resources */,
			);
			buildRules = (
			);
			dependencies = (
			);
			name = RiyaazPal;
			productName = RiyaazPal;
			productReference = C0A430B92F03494200C2401C /* RiyaazPal.app */;
			productType = "com.apple.product-type.application";
		};
/* End PBXNativeTarget section */

/* Begin PBXProject section */
		C0A430B12F03494200C2401C /* Project object */ = {
			isa = PBXProject;
			attributes = {
				BuildIndependentTargetsInParallel = 1;
				LastSwiftUpdateCheck = 1540;
				LastUpgradeCheck = 1540;
				TargetAttributes = {
					C0A430B82F03494200C2401C = {
						CreatedOnToolsVersion = 15.4;
					};
				};
			};
			buildConfigurationList = C0A430B42F03494200C2401C /* Build configuration list for PBXProject "RiyaazPal" */;
			compatibilityVersion = "Xcode 14.0";
			developmentRegion = en;
			hasScannedForEncodings = 0;
			knownRegions = (
				en,
				Base,
			);
			mainGroup = C0A430B02F03494200C2401C;
			productRefGroup = C0A430BA2F03494200C2401C /* Products */;
			projectDirPath = "";
			projectRoot = "";
			targets = (
				C0A430B82F03494200C2401C /* RiyaazPal */,
			);
		};
/* End PBXProject section */

/* Begin PBXResourcesBuildPhase section */
		C0A430B72F03494200C2401C /* Resources */ = {
			isa = PBXResourcesBuildPhase;
			buildActionMask = 2147483647;
			files = (
				C0A430C42F03494400C2401C /* Preview Assets.xcassets in Resources */,
				C0A430C12F03494400C2401C /* Assets.xcassets in Resources */,
			);
			runOnlyForDeploymentPostprocessing = 0;
		};
/* End PBXResourcesBuildPhase section */

/* Begin PBXSourcesBuildPhase section */
		C0A430B52F03494200C2401C /* Sources */ = {
			isa = PBXSourcesBuildPhase;
			buildActionMask = 2147483647;
			files = (
				C0A430DF2F060DD300C2401C /* PracticeTimelineViewModel.swift in Sources */,
				C00066902F0EF8D500BC930C /* InsightsView.swift in Sources */,
				C0A430D52F0599CD00C2401C /* PracticeSessionViewModel.swift in Sources */,
				C066A2922F0F3DF9005A5D44 /* InsightWindow.swift in Sources */,
				C0A430E82F08A25C00C2401C /* TagChip.swift in Sources */,
				C0A430DB2F059A0600C2401C /* DaySection.swift in Sources */,
				C066A2962F0FAE24005A5D44 /* FocusCarousel.swift in Sources */,
				C0A430CF2F05993400C2401C /* PracticeSession.swift in Sources */,
				C0A430ED2F098F5000C2401C /* PreviewModelContainer.swift in Sources */,
				C00066932F0F101000BC930C /* PracticeScoreMeter.swift in Sources */,
				C066A28D2F0F38E4005A5D44 /* FocusStats.swift in Sources */,
				C0A430BF2F03494200C2401C /* PracticeTimelineView.swift in Sources */,
				C066A2902F0F3A68005A5D44 /* FocusBreakdownCard.swift in Sources */,
				C0A430E32F083A2700C2401C /* EditSessionView.swift in Sources */,
				C0A430EF2F098F9000C2401C /* PreviewData.swift in Sources */,
				C0A430EA2F08A9CC00C2401C /* FlowLayout.swift in Sources */,
				C0A430DD2F059CB600C2401C /* SessionCard.swift in Sources */,
				C066A2942F0F4465005A5D44 /* TagCategory.swift in Sources */,
				C0A430BD2F03494200C2401C /* RiyaazPalApp.swift in Sources */,
			);
			runOnlyForDeploymentPostprocessing = 0;
		};
/* End PBXSourcesBuildPhase section */

/* Begin XCBuildConfiguration section */
		C0A430C52F03494400C2401C /* Debug */ = {
			isa = XCBuildConfiguration;
			buildSettings = {
				ALWAYS_SEARCH_USER_PATHS = NO;
				ASSETCATALOG_COMPILER_GENERATE_SWIFT_ASSET_SYMBOL_EXTENSIONS = YES;
				CLANG_ANALYZER_NONNULL = YES;
				CLANG_ANALYZER_NUMBER_OBJECT_CONVERSION = YES_AGGRESSIVE;
				CLANG_CXX_LANGUAGE_STANDARD = "gnu++20";
				CLANG_ENABLE_MODULES = YES;
				CLANG_ENABLE_OBJC_ARC = YES;
				CLANG_ENABLE_OBJC_WEAK = YES;
				CLANG_WARN_BLOCK_CAPTURE_AUTORELEASING = YES;
				CLANG_WARN_BOOL_CONVERSION = YES;
				CLANG_WARN_COMMA = YES;
				CLANG_WARN_CONSTANT_CONVERSION = YES;
				CLANG_WARN_DEPRECATED_OBJC_IMPLEMENTATIONS = YES;
				CLANG_WARN_DIRECT_OBJC_ISA_USAGE = YES_ERROR;
				CLANG_WARN_DOCUMENTATION_COMMENTS = YES;
				CLANG_WARN_EMPTY_BODY = YES;
				CLANG_WARN_ENUM_CONVERSION = YES;
				CLANG_WARN_INFINITE_RECURSION = YES;
				CLANG_WARN_INT_CONVERSION = YES;
				CLANG_WARN_NON_LITERAL_NULL_CONVERSION = YES;
				CLANG_WARN_OBJC_IMPLICIT_RETAIN_SELF = YES;
				CLANG_WARN_OBJC_LITERAL_CONVERSION = YES;
				CLANG_WARN_OBJC_ROOT_CLASS = YES_ERROR;
				CLANG_WARN_QUOTED_INCLUDE_IN_FRAMEWORK_HEADER = YES;
				CLANG_WARN_RANGE_LOOP_ANALYSIS = YES;
				CLANG_WARN_STRICT_PROTOTYPES = YES;
				CLANG_WARN_SUSPICIOUS_MOVE = YES;
				CLANG_WARN_UNGUARDED_AVAILABILITY = YES_AGGRESSIVE;
				CLANG_WARN_UNREACHABLE_CODE = YES;
				CLANG_WARN__DUPLICATE_METHOD_MATCH = YES;
				COPY_PHASE_STRIP = NO;
				DEBUG_INFORMATION_FORMAT = dwarf;
				ENABLE_STRICT_OBJC_MSGSEND = YES;
				ENABLE_TESTABILITY = YES;
				ENABLE_USER_SCRIPT_SANDBOXING = YES;
				GCC_C_LANGUAGE_STANDARD = gnu17;
				GCC_DYNAMIC_NO_PIC = NO;
				GCC_NO_COMMON_BLOCKS = YES;
				GCC_OPTIMIZATION_LEVEL = 0;
				GCC_PREPROCESSOR_DEFINITIONS = (
					"DEBUG=1",
					"$(inherited)",
				);
				GCC_WARN_64_TO_32_BIT_CONVERSION = YES;
				GCC_WARN_ABOUT_RETURN_TYPE = YES_ERROR;
				GCC_WARN_UNDECLARED_SELECTOR = YES;
				GCC_WARN_UNINITIALIZED_AUTOS = YES_AGGRESSIVE;
				GCC_WARN_UNUSED_FUNCTION = YES;
				GCC_WARN_UNUSED_VARIABLE = YES;
				IPHONEOS_DEPLOYMENT_TARGET = 17.5;
				LOCALIZATION_PREFERS_STRING_CATALOGS = YES;
				MTL_ENABLE_DEBUG_INFO = INCLUDE_SOURCE;
				MTL_FAST_MATH = YES;
				ONLY_ACTIVE_ARCH = YES;
				SDKROOT = iphoneos;
				SWIFT_ACTIVE_COMPILATION_CONDITIONS = "DEBUG $(inherited)";
				SWIFT_OPTIMIZATION_LEVEL = "-Onone";
			};
			name = Debug;
		};
		C0A430C62F03494400C2401C /* Release */ = {
			isa = XCBuildConfiguration;
			buildSettings = {
				ALWAYS_SEARCH_USER_PATHS = NO;
				ASSETCATALOG_COMPILER_GENERATE_SWIFT_ASSET_SYMBOL_EXTENSIONS = YES;
				CLANG_ANALYZER_NONNULL = YES;
				CLANG_ANALYZER_NUMBER_OBJECT_CONVERSION = YES_AGGRESSIVE;
				CLANG_CXX_LANGUAGE_STANDARD = "gnu++20";
				CLANG_ENABLE_MODULES = YES;
				CLANG_ENABLE_OBJC_ARC = YES;
				CLANG_ENABLE_OBJC_WEAK = YES;
				CLANG_WARN_BLOCK_CAPTURE_AUTORELEASING = YES;
				CLANG_WARN_BOOL_CONVERSION = YES;
				CLANG_WARN_COMMA = YES;
				CLANG_WARN_CONSTANT_CONVERSION = YES;
				CLANG_WARN_DEPRECATED_OBJC_IMPLEMENTATIONS = YES;
				CLANG_WARN_DIRECT_OBJC_ISA_USAGE = YES_ERROR;
				CLANG_WARN_DOCUMENTATION_COMMENTS = YES;
				CLANG_WARN_EMPTY_BODY = YES;
				CLANG_WARN_ENUM_CONVERSION = YES;
				CLANG_WARN_INFINITE_RECURSION = YES;
				CLANG_WARN_INT_CONVERSION = YES;
				CLANG_WARN_NON_LITERAL_NULL_CONVERSION = YES;
				CLANG_WARN_OBJC_IMPLICIT_RETAIN_SELF = YES;
				CLANG_WARN_OBJC_LITERAL_CONVERSION = YES;
				CLANG_WARN_OBJC_ROOT_CLASS = YES_ERROR;
				CLANG_WARN_QUOTED_INCLUDE_IN_FRAMEWORK_HEADER = YES;
				CLANG_WARN_RANGE_LOOP_ANALYSIS = YES;
				CLANG_WARN_STRICT_PROTOTYPES = YES;
				CLANG_WARN_SUSPICIOUS_MOVE = YES;
				CLANG_WARN_UNGUARDED_AVAILABILITY = YES_AGGRESSIVE;
				CLANG_WARN_UNREACHABLE_CODE = YES;
				CLANG_WARN__DUPLICATE_METHOD_MATCH = YES;
				COPY_PHASE_STRIP = NO;
				DEBUG_INFORMATION_FORMAT = "dwarf-with-dsym";
				ENABLE_NS_ASSERTIONS = NO;
				ENABLE_STRICT_OBJC_MSGSEND = YES;
				ENABLE_USER_SCRIPT_SANDBOXING = YES;
				GCC_C_LANGUAGE_STANDARD = gnu17;
				GCC_NO_COMMON_BLOCKS = YES;
				GCC_WARN_64_TO_32_BIT_CONVERSION = YES;
				GCC_WARN_ABOUT_RETURN_TYPE = YES_ERROR;
				GCC_WARN_UNDECLARED_SELECTOR = YES;
				GCC_WARN_UNINITIALIZED_AUTOS = YES_AGGRESSIVE;
				GCC_WARN_UNUSED_FUNCTION = YES;
				GCC_WARN_UNUSED_VARIABLE = YES;
				IPHONEOS_DEPLOYMENT_TARGET = 17.5;
				LOCALIZATION_PREFERS_STRING_CATALOGS = YES;
				MTL_ENABLE_DEBUG_INFO = NO;
				MTL_FAST_MATH = YES;
				SDKROOT = iphoneos;
				SWIFT_COMPILATION_MODE = wholemodule;
				VALIDATE_PRODUCT = YES;
			};
			name = Release;
		};
		C0A430C82F03494400C2401C /* Debug */ = {
			isa = XCBuildConfiguration;
			buildSettings = {
				ASSETCATALOG_COMPILER_APPICON_NAME = AppIcon;
				ASSETCATALOG_COMPILER_GLOBAL_ACCENT_COLOR_NAME = AccentColor;
				CODE_SIGN_STYLE = Automatic;
				CURRENT_PROJECT_VERSION = 1;
				DEVELOPMENT_ASSET_PATHS = "\"RiyaazPal/Preview Content\"";
				DEVELOPMENT_TEAM = 65QCBL5R9T;
				ENABLE_PREVIEWS = YES;
				GENERATE_INFOPLIST_FILE = YES;
				INFOPLIST_KEY_UIApplicationSceneManifest_Generation = YES;
				INFOPLIST_KEY_UIApplicationSupportsIndirectInputEvents = YES;
				INFOPLIST_KEY_UILaunchScreen_Generation = YES;
				INFOPLIST_KEY_UISupportedInterfaceOrientations_iPad = "UIInterfaceOrientationPortrait UIInterfaceOrientationPortraitUpsideDown UIInterfaceOrientationLandscapeLeft UIInterfaceOrientationLandscapeRight";
				INFOPLIST_KEY_UISupportedInterfaceOrientations_iPhone = "UIInterfaceOrientationPortrait UIInterfaceOrientationLandscapeLeft UIInterfaceOrientationLandscapeRight";
				LD_RUNPATH_SEARCH_PATHS = (
					"$(inherited)",
					"@executable_path/Frameworks",
				);
				MARKETING_VERSION = 1.0;
				PRODUCT_BUNDLE_IDENTIFIER = com.hridaybuddhdev.RiyaazPal;
				PRODUCT_NAME = "$(TARGET_NAME)";
				SWIFT_EMIT_LOC_STRINGS = YES;
				SWIFT_VERSION = 5.0;
				TARGETED_DEVICE_FAMILY = "1,2";
			};
			name = Debug;
		};
		C0A430C92F03494400C2401C /* Release */ = {
			isa = XCBuildConfiguration;
			buildSettings = {
				ASSETCATALOG_COMPILER_APPICON_NAME = AppIcon;
				ASSETCATALOG_COMPILER_GLOBAL_ACCENT_COLOR_NAME = AccentColor;
				CODE_SIGN_STYLE = Automatic;
				CURRENT_PROJECT_VERSION = 1;
				DEVELOPMENT_ASSET_PATHS = "\"RiyaazPal/Preview Content\"";
				DEVELOPMENT_TEAM = 65QCBL5R9T;
				ENABLE_PREVIEWS = YES;
				GENERATE_INFOPLIST_FILE = YES;
				INFOPLIST_KEY_UIApplicationSceneManifest_Generation = YES;
				INFOPLIST_KEY_UIApplicationSupportsIndirectInputEvents = YES;
				INFOPLIST_KEY_UILaunchScreen_Generation = YES;
				INFOPLIST_KEY_UISupportedInterfaceOrientations_iPad = "UIInterfaceOrientationPortrait UIInterfaceOrientationPortraitUpsideDown UIInterfaceOrientationLandscapeLeft UIInterfaceOrientationLandscapeRight";
				INFOPLIST_KEY_UISupportedInterfaceOrientations_iPhone = "UIInterfaceOrientationPortrait UIInterfaceOrientationLandscapeLeft UIInterfaceOrientationLandscapeRight";
				LD_RUNPATH_SEARCH_PATHS = (
					"$(inherited)",
					"@executable_path/Frameworks",
				);
				MARKETING_VERSION = 1.0;
				PRODUCT_BUNDLE_IDENTIFIER = com.hridaybuddhdev.RiyaazPal;
				PRODUCT_NAME = "$(TARGET_NAME)";
				SWIFT_EMIT_LOC_STRINGS = YES;
				SWIFT_VERSION = 5.0;
				TARGETED_DEVICE_FAMILY = "1,2";
			};
			name = Release;
		};
/* End XCBuildConfiguration section */

/* Begin XCConfigurationList section */
		C0A430B42F03494200C2401C /* Build configuration list for PBXProject "RiyaazPal" */ = {
			isa = XCConfigurationList;
			buildConfigurations = (
				C0A430C52F03494400C2401C /* Debug */,
				C0A430C62F03494400C2401C /* Release */,
			);
			defaultConfigurationIsVisible = 0;
			defaultConfigurationName = Release;
		};
		C0A430C72F03494400C2401C /* Build configuration list for PBXNativeTarget "RiyaazPal" */ = {
			isa = XCConfigurationList;
			buildConfigurations = (
				C0A430C82F03494400C2401C /* Debug */,
				C0A430C92F03494400C2401C /* Release */,
			);
			defaultConfigurationIsVisible = 0;
			defaultConfigurationName = Release;
		};
/* End XCConfigurationList section */
	};
	rootObject = C0A430B12F03494200C2401C /* Project object */;
}
